// !$*UTF8*$!
{
	archiveVersion = 1;
	classes = {
	};
	objectVersion = 46;
	objects = {

/* Begin PBXBuildFile section */
		14BBAC511DD2565D00B9BCA1 /* AppDelegate.swift in Sources */ = {isa = PBXBuildFile; fileRef = 14BBAC501DD2565D00B9BCA1 /* AppDelegate.swift */; };
		14BBAC531DD2565D00B9BCA1 /* ViewController.swift in Sources */ = {isa = PBXBuildFile; fileRef = 14BBAC521DD2565D00B9BCA1 /* ViewController.swift */; };
		14BBAC561DD2565D00B9BCA1 /* Main.storyboard in Resources */ = {isa = PBXBuildFile; fileRef = 14BBAC541DD2565D00B9BCA1 /* Main.storyboard */; };
		14BBAC581DD2565D00B9BCA1 /* Assets.xcassets in Resources */ = {isa = PBXBuildFile; fileRef = 14BBAC571DD2565D00B9BCA1 /* Assets.xcassets */; };
		14BBAC5B1DD2565D00B9BCA1 /* LaunchScreen.storyboard in Resources */ = {isa = PBXBuildFile; fileRef = 14BBAC591DD2565D00B9BCA1 /* LaunchScreen.storyboard */; };
		14BBAC661DD2565D00B9BCA1 /* InstaGramAuthFlowTests.swift in Sources */ = {isa = PBXBuildFile; fileRef = 14BBAC651DD2565D00B9BCA1 /* InstaGramAuthFlowTests.swift */; };
/* End PBXBuildFile section */

/* Begin PBXContainerItemProxy section */
		14BBAC621DD2565D00B9BCA1 /* PBXContainerItemProxy */ = {
			isa = PBXContainerItemProxy;
			containerPortal = 14BBAC451DD2565D00B9BCA1 /* Project object */;
			proxyType = 1;
			remoteGlobalIDString = 14BBAC4C1DD2565D00B9BCA1;
			remoteInfo = InstaGramAuthFlow;
		};
/* End PBXContainerItemProxy section */

/* Begin PBXFileReference section */
		14BBAC4D1DD2565D00B9BCA1 /* InstaGramAuthFlow.app */ = {isa = PBXFileReference; explicitFileType = wrapper.application; includeInIndex = 0; path = InstaGramAuthFlow.app; sourceTree = BUILT_PRODUCTS_DIR; };
		14BBAC501DD2565D00B9BCA1 /* AppDelegate.swift */ = {isa = PBXFileReference; lastKnownFileType = sourcecode.swift; path = AppDelegate.swift; sourceTree = "<group>"; };
		14BBAC521DD2565D00B9BCA1 /* ViewController.swift */ = {isa = PBXFileReference; lastKnownFileType = sourcecode.swift; path = ViewController.swift; sourceTree = "<group>"; };
		14BBAC551DD2565D00B9BCA1 /* Base */ = {isa = PBXFileReference; lastKnownFileType = file.storyboard; name = Base; path = Base.lproj/Main.storyboard; sourceTree = "<group>"; };
		14BBAC571DD2565D00B9BCA1 /* Assets.xcassets */ = {isa = PBXFileReference; lastKnownFileType = folder.assetcatalog; path = Assets.xcassets; sourceTree = "<group>"; };
		14BBAC5A1DD2565D00B9BCA1 /* Base */ = {isa = PBXFileReference; lastKnownFileType = file.storyboard; name = Base; path = Base.lproj/LaunchScreen.storyboard; sourceTree = "<group>"; };
		14BBAC5C1DD2565D00B9BCA1 /* Info.plist */ = {isa = PBXFileReference; lastKnownFileType = text.plist.xml; path = Info.plist; sourceTree = "<group>"; };
		14BBAC611DD2565D00B9BCA1 /* InstaGramAuthFlowTests.xctest */ = {isa = PBXFileReference; explicitFileType = wrapper.cfbundle; includeInIndex = 0; path = InstaGramAuthFlowTests.xctest; sourceTree = BUILT_PRODUCTS_DIR; };
		14BBAC651DD2565D00B9BCA1 /* InstaGramAuthFlowTests.swift */ = {isa = PBXFileReference; lastKnownFileType = sourcecode.swift; path = InstaGramAuthFlowTests.swift; sourceTree = "<group>"; };
		14BBAC671DD2565D00B9BCA1 /* Info.plist */ = {isa = PBXFileReference; lastKnownFileType = text.plist.xml; path = Info.plist; sourceTree = "<group>"; };
/* End PBXFileReference section */

/* Begin PBXFrameworksBuildPhase section */
		14BBAC4A1DD2565D00B9BCA1 /* Frameworks */ = {
			isa = PBXFrameworksBuildPhase;
			buildActionMask = 2147483647;
			files = (
			);
			runOnlyForDeploymentPostprocessing = 0;
		};
		14BBAC5E1DD2565D00B9BCA1 /* Frameworks */ = {
			isa = PBXFrameworksBuildPhase;
			buildActionMask = 2147483647;
			files = (
			);
			runOnlyForDeploymentPostprocessing = 0;
		};
/* End PBXFrameworksBuildPhase section */

/* Begin PBXGroup section */
		14BBAC441DD2565D00B9BCA1 = {
			isa = PBXGroup;
			children = (
				14BBAC4F1DD2565D00B9BCA1 /* InstaGramAuthFlow */,
				14BBAC641DD2565D00B9BCA1 /* InstaGramAuthFlowTests */,
				14BBAC4E1DD2565D00B9BCA1 /* Products */,
			);
			sourceTree = "<group>";
		};
		14BBAC4E1DD2565D00B9BCA1 /* Products */ = {
			isa = PBXGroup;
			children = (
				14BBAC4D1DD2565D00B9BCA1 /* InstaGramAuthFlow.app */,
				14BBAC611DD2565D00B9BCA1 /* InstaGramAuthFlowTests.xctest */,
			);
			name = Products;
			sourceTree = "<group>";
		};
		14BBAC4F1DD2565D00B9BCA1 /* InstaGramAuthFlow */ = {
			isa = PBXGroup;
			children = (
				14BBAC501DD2565D00B9BCA1 /* AppDelegate.swift */,
				14BBAC521DD2565D00B9BCA1 /* ViewController.swift */,
				14BBAC541DD2565D00B9BCA1 /* Main.storyboard */,
				14BBAC571DD2565D00B9BCA1 /* Assets.xcassets */,
				14BBAC591DD2565D00B9BCA1 /* LaunchScreen.storyboard */,
				14BBAC5C1DD2565D00B9BCA1 /* Info.plist */,
			);
			path = InstaGramAuthFlow;
			sourceTree = "<group>";
		};
		14BBAC641DD2565D00B9BCA1 /* InstaGramAuthFlowTests */ = {
			isa = PBXGroup;
			children = (
				14BBAC651DD2565D00B9BCA1 /* InstaGramAuthFlowTests.swift */,
				14BBAC671DD2565D00B9BCA1 /* Info.plist */,
			);
			path = InstaGramAuthFlowTests;
			sourceTree = "<group>";
		};
/* End PBXGroup section */

/* Begin PBXNativeTarget section */
		14BBAC4C1DD2565D00B9BCA1 /* InstaGramAuthFlow */ = {
			isa = PBXNativeTarget;
			buildConfigurationList = 14BBAC6A1DD2565D00B9BCA1 /* Build configuration list for PBXNativeTarget "InstaGramAuthFlow" */;
			buildPhases = (
				14BBAC491DD2565D00B9BCA1 /* Sources */,
				14BBAC4A1DD2565D00B9BCA1 /* Frameworks */,
				14BBAC4B1DD2565D00B9BCA1 /* Resources */,
			);
			buildRules = (
			);
			dependencies = (
			);
			name = InstaGramAuthFlow;
			productName = InstaGramAuthFlow;
			productReference = 14BBAC4D1DD2565D00B9BCA1 /* InstaGramAuthFlow.app */;
			productType = "com.apple.product-type.application";
		};
		14BBAC601DD2565D00B9BCA1 /* InstaGramAuthFlowTests */ = {
			isa = PBXNativeTarget;
			buildConfigurationList = 14BBAC6D1DD2565D00B9BCA1 /* Build configuration list for PBXNativeTarget "InstaGramAuthFlowTests" */;
			buildPhases = (
				14BBAC5D1DD2565D00B9BCA1 /* Sources */,
				14BBAC5E1DD2565D00B9BCA1 /* Frameworks */,
				14BBAC5F1DD2565D00B9BCA1 /* Resources */,
			);
			buildRules = (
			);
			dependencies = (
				14BBAC631DD2565D00B9BCA1 /* PBXTargetDependency */,
			);
			name = InstaGramAuthFlowTests;
			productName = InstaGramAuthFlowTests;
			productReference = 14BBAC611DD2565D00B9BCA1 /* InstaGramAuthFlowTests.xctest */;
			productType = "com.apple.product-type.bundle.unit-test";
		};
/* End PBXNativeTarget section */

/* Begin PBXProject section */
		14BBAC451DD2565D00B9BCA1 /* Project object */ = {
			isa = PBXProject;
			attributes = {
				LastSwiftUpdateCheck = 0810;
				LastUpgradeCheck = 0810;
				ORGANIZATIONNAME = C4Q;
				TargetAttributes = {
					14BBAC4C1DD2565D00B9BCA1 = {
						CreatedOnToolsVersion = 8.1;
						ProvisioningStyle = Automatic;
					};
					14BBAC601DD2565D00B9BCA1 = {
						CreatedOnToolsVersion = 8.1;
						ProvisioningStyle = Automatic;
						TestTargetID = 14BBAC4C1DD2565D00B9BCA1;
					};
				};
			};
			buildConfigurationList = 14BBAC481DD2565D00B9BCA1 /* Build configuration list for PBXProject "InstaGramAuthFlow" */;
			compatibilityVersion = "Xcode 3.2";
			developmentRegion = English;
			hasScannedForEncodings = 0;
			knownRegions = (
				en,
				Base,
			);
			mainGroup = 14BBAC441DD2565D00B9BCA1;
			productRefGroup = 14BBAC4E1DD2565D00B9BCA1 /* Products */;
			projectDirPath = "";
			projectRoot = "";
			targets = (
				14BBAC4C1DD2565D00B9BCA1 /* InstaGramAuthFlow */,
				14BBAC601DD2565D00B9BCA1 /* InstaGramAuthFlowTests */,
			);
		};
/* End PBXProject section */

/* Begin PBXResourcesBuildPhase section */
		14BBAC4B1DD2565D00B9BCA1 /* Resources */ = {
			isa = PBXResourcesBuildPhase;
			buildActionMask = 2147483647;
			files = (
				14BBAC5B1DD2565D00B9BCA1 /* LaunchScreen.storyboard in Resources */,
				14BBAC581DD2565D00B9BCA1 /* Assets.xcassets in Resources */,
				14BBAC561DD2565D00B9BCA1 /* Main.storyboard in Resources */,
			);
			runOnlyForDeploymentPostprocessing = 0;
		};
		14BBAC5F1DD2565D00B9BCA1 /* Resources */ = {
			isa = PBXResourcesBuildPhase;
			buildActionMask = 2147483647;
			files = (
			);
			runOnlyForDeploymentPostprocessing = 0;
		};
/* End PBXResourcesBuildPhase section */

/* Begin PBXSourcesBuildPhase section */
		14BBAC491DD2565D00B9BCA1 /* Sources */ = {
			isa = PBXSourcesBuildPhase;
			buildActionMask = 2147483647;
			files = (
				14BBAC531DD2565D00B9BCA1 /* ViewController.swift in Sources */,
				14BBAC511DD2565D00B9BCA1 /* AppDelegate.swift in Sources */,
			);
			runOnlyForDeploymentPostprocessing = 0;
		};
		14BBAC5D1DD2565D00B9BCA1 /* Sources */ = {
			isa = PBXSourcesBuildPhase;
			buildActionMask = 2147483647;
			files = (
				14BBAC661DD2565D00B9BCA1 /* InstaGramAuthFlowTests.swift in Sources */,
			);
			runOnlyForDeploymentPostprocessing = 0;
		};
/* End PBXSourcesBuildPhase section */

/* Begin PBXTargetDependency section */
		14BBAC631DD2565D00B9BCA1 /* PBXTargetDependency */ = {
			isa = PBXTargetDependency;
			target = 14BBAC4C1DD2565D00B9BCA1 /* InstaGramAuthFlow */;
			targetProxy = 14BBAC621DD2565D00B9BCA1 /* PBXContainerItemProxy */;
		};
/* End PBXTargetDependency section */

/* Begin PBXVariantGroup section */
		14BBAC541DD2565D00B9BCA1 /* Main.storyboard */ = {
			isa = PBXVariantGroup;
			children = (
				14BBAC551DD2565D00B9BCA1 /* Base */,
			);
			name = Main.storyboard;
			sourceTree = "<group>";
		};
		14BBAC591DD2565D00B9BCA1 /* LaunchScreen.storyboard */ = {
			isa = PBXVariantGroup;
			children = (
				14BBAC5A1DD2565D00B9BCA1 /* Base */,
			);
			name = LaunchScreen.storyboard;
			sourceTree = "<group>";
		};
/* End PBXVariantGroup section */

/* Begin XCBuildConfiguration section */
		14BBAC681DD2565D00B9BCA1 /* Debug */ = {
			isa = XCBuildConfiguration;
			buildSettings = {
				ALWAYS_SEARCH_USER_PATHS = NO;
				CLANG_ANALYZER_NONNULL = YES;
				CLANG_CXX_LANGUAGE_STANDARD = "gnu++0x";
				CLANG_CXX_LIBRARY = "libc++";
				CLANG_ENABLE_MODULES = YES;
				CLANG_ENABLE_OBJC_ARC = YES;
				CLANG_WARN_BOOL_CONVERSION = YES;
				CLANG_WARN_CONSTANT_CONVERSION = YES;
				CLANG_WARN_DIRECT_OBJC_ISA_USAGE = YES_ERROR;
				CLANG_WARN_DOCUMENTATION_COMMENTS = YES;
				CLANG_WARN_EMPTY_BODY = YES;
				CLANG_WARN_ENUM_CONVERSION = YES;
				CLANG_WARN_INFINITE_RECURSION = YES;
				CLANG_WARN_INT_CONVERSION = YES;
				CLANG_WARN_OBJC_ROOT_CLASS = YES_ERROR;
				CLANG_WARN_SUSPICIOUS_MOVES = YES;
				CLANG_WARN_UNREACHABLE_CODE = YES;
				CLANG_WARN__DUPLICATE_METHOD_MATCH = YES;
				"CODE_SIGN_IDENTITY[sdk=iphoneos*]" = "iPhone Developer";
				COPY_PHASE_STRIP = NO;
				DEBUG_INFORMATION_FORMAT = dwarf;
				ENABLE_STRICT_OBJC_MSGSEND = YES;
				ENABLE_TESTABILITY = YES;
				GCC_C_LANGUAGE_STANDARD = gnu99;
				GCC_DYNAMIC_NO_PIC = NO;
				GCC_NO_COMMON_BLOCKS = YES;
				GCC_OPTIMIZATION_LEVEL = 0;
				GCC_PREPROCESSOR_DEFINITIONS = (
					"DEBUG=1",
					"$(inherited)",
				);
				GCC_WARN_64_TO_32_BIT_CONVERSION = YES;
				GCC_WARN_ABOUT_RETURN_TYPE = YES_ERROR;
				GCC_WARN_UNDECLARED_SELECTOR = YES;
				GCC_WARN_UNINITIALIZED_AUTOS = YES_AGGRESSIVE;
				GCC_WARN_UNUSED_FUNCTION = YES;
				GCC_WARN_UNUSED_VARIABLE = YES;
				IPHONEOS_DEPLOYMENT_TARGET = 10.1;
				MTL_ENABLE_DEBUG_INFO = YES;
				ONLY_ACTIVE_ARCH = YES;
				SDKROOT = iphoneos;
				SWIFT_ACTIVE_COMPILATION_CONDITIONS = DEBUG;
				SWIFT_OPTIMIZATION_LEVEL = "-Onone";
			};
			name = Debug;
		};
		14BBAC691DD2565D00B9BCA1 /* Release */ = {
			isa = XCBuildConfiguration;
			buildSettings = {
				ALWAYS_SEARCH_USER_PATHS = NO;
				CLANG_ANALYZER_NONNULL = YES;
				CLANG_CXX_LANGUAGE_STANDARD = "gnu++0x";
				CLANG_CXX_LIBRARY = "libc++";
				CLANG_ENABLE_MODULES = YES;
				CLANG_ENABLE_OBJC_ARC = YES;
				CLANG_WARN_BOOL_CONVERSION = YES;
				CLANG_WARN_CONSTANT_CONVERSION = YES;
				CLANG_WARN_DIRECT_OBJC_ISA_USAGE = YES_ERROR;
				CLANG_WARN_DOCUMENTATION_COMMENTS = YES;
				CLANG_WARN_EMPTY_BODY = YES;
				CLANG_WARN_ENUM_CONVERSION = YES;
				CLANG_WARN_INFINITE_RECURSION = YES;
				CLANG_WARN_INT_CONVERSION = YES;
				CLANG_WARN_OBJC_ROOT_CLASS = YES_ERROR;
				CLANG_WARN_SUSPICIOUS_MOVES = YES;
				CLANG_WARN_UNREACHABLE_CODE = YES;
				CLANG_WARN__DUPLICATE_METHOD_MATCH = YES;
				"CODE_SIGN_IDENTITY[sdk=iphoneos*]" = "iPhone Developer";
				COPY_PHASE_STRIP = NO;
				DEBUG_INFORMATION_FORMAT = "dwarf-with-dsym";
				ENABLE_NS_ASSERTIONS = NO;
				ENABLE_STRICT_OBJC_MSGSEND = YES;
				GCC_C_LANGUAGE_STANDARD = gnu99;
				GCC_NO_COMMON_BLOCKS = YES;
				GCC_WARN_64_TO_32_BIT_CONVERSION = YES;
				GCC_WARN_ABOUT_RETURN_TYPE = YES_ERROR;
				GCC_WARN_UNDECLARED_SELECTOR = YES;
				GCC_WARN_UNINITIALIZED_AUTOS = YES_AGGRESSIVE;
				GCC_WARN_UNUSED_FUNCTION = YES;
				GCC_WARN_UNUSED_VARIABLE = YES;
				IPHONEOS_DEPLOYMENT_TARGET = 10.1;
				MTL_ENABLE_DEBUG_INFO = NO;
				SDKROOT = iphoneos;
				SWIFT_OPTIMIZATION_LEVEL = "-Owholemodule";
				VALIDATE_PRODUCT = YES;
			};
			name = Release;
		};
		14BBAC6B1DD2565D00B9BCA1 /* Debug */ = {
			isa = XCBuildConfiguration;
			buildSettings = {
				ASSETCATALOG_COMPILER_APPICON_NAME = AppIcon;
				INFOPLIST_FILE = InstaGramAuthFlow/Info.plist;
				LD_RUNPATH_SEARCH_PATHS = "$(inherited) @executable_path/Frameworks";
				PRODUCT_BUNDLE_IDENTIFIER = nyc.AccessCode.InstaGramAuthFlow;
				PRODUCT_NAME = "$(TARGET_NAME)";
				SWIFT_VERSION = 3.0;
			};
			name = Debug;
		};
		14BBAC6C1DD2565D00B9BCA1 /* Release */ = {
			isa = XCBuildConfiguration;
			buildSettings = {
				ASSETCATALOG_COMPILER_APPICON_NAME = AppIcon;
				INFOPLIST_FILE = InstaGramAuthFlow/Info.plist;
				LD_RUNPATH_SEARCH_PATHS = "$(inherited) @executable_path/Frameworks";
				PRODUCT_BUNDLE_IDENTIFIER = nyc.AccessCode.InstaGramAuthFlow;
				PRODUCT_NAME = "$(TARGET_NAME)";
				SWIFT_VERSION = 3.0;
			};
			name = Release;
		};
		14BBAC6E1DD2565D00B9BCA1 /* Debug */ = {
			isa = XCBuildConfiguration;
			buildSettings = {
				ALWAYS_EMBED_SWIFT_STANDARD_LIBRARIES = YES;
				BUNDLE_LOADER = "$(TEST_HOST)";
				INFOPLIST_FILE = InstaGramAuthFlowTests/Info.plist;
				LD_RUNPATH_SEARCH_PATHS = "$(inherited) @executable_path/Frameworks @loader_path/Frameworks";
				PRODUCT_BUNDLE_IDENTIFIER = nyc.AccessCode.InstaGramAuthFlowTests;
				PRODUCT_NAME = "$(TARGET_NAME)";
				SWIFT_VERSION = 3.0;
				TEST_HOST = "$(BUILT_PRODUCTS_DIR)/InstaGramAuthFlow.app/InstaGramAuthFlow";
			};
			name = Debug;
		};
		14BBAC6F1DD2565D00B9BCA1 /* Release */ = {
			isa = XCBuildConfiguration;
			buildSettings = {
				ALWAYS_EMBED_SWIFT_STANDARD_LIBRARIES = YES;
				BUNDLE_LOADER = "$(TEST_HOST)";
				INFOPLIST_FILE = InstaGramAuthFlowTests/Info.plist;
				LD_RUNPATH_SEARCH_PATHS = "$(inherited) @executable_path/Frameworks @loader_path/Frameworks";
				PRODUCT_BUNDLE_IDENTIFIER = nyc.AccessCode.InstaGramAuthFlowTests;
				PRODUCT_NAME = "$(TARGET_NAME)";
				SWIFT_VERSION = 3.0;
				TEST_HOST = "$(BUILT_PRODUCTS_DIR)/InstaGramAuthFlow.app/InstaGramAuthFlow";
			};
			name = Release;
		};
/* End XCBuildConfiguration section */

/* Begin XCConfigurationList section */
		14BBAC481DD2565D00B9BCA1 /* Build configuration list for PBXProject "InstaGramAuthFlow" */ = {
			isa = XCConfigurationList;
			buildConfigurations = (
				14BBAC681DD2565D00B9BCA1 /* Debug */,
				14BBAC691DD2565D00B9BCA1 /* Release */,
			);
			defaultConfigurationIsVisible = 0;
			defaultConfigurationName = Release;
		};
		14BBAC6A1DD2565D00B9BCA1 /* Build configuration list for PBXNativeTarget "InstaGramAuthFlow" */ = {
			isa = XCConfigurationList;
			buildConfigurations = (
				14BBAC6B1DD2565D00B9BCA1 /* Debug */,
				14BBAC6C1DD2565D00B9BCA1 /* Release */,
			);
			defaultConfigurationIsVisible = 0;
		};
		14BBAC6D1DD2565D00B9BCA1 /* Build configuration list for PBXNativeTarget "InstaGramAuthFlowTests" */ = {
			isa = XCConfigurationList;
			buildConfigurations = (
				14BBAC6E1DD2565D00B9BCA1 /* Debug */,
				14BBAC6F1DD2565D00B9BCA1 /* Release */,
			);
			defaultConfigurationIsVisible = 0;
		};
/* End XCConfigurationList section */
	};
	rootObject = 14BBAC451DD2565D00B9BCA1 /* Project object */;
}
